
Microsoft Visual Studio Solution File, Format Version 12.00
# Visual Studio Version 17
VisualStudioVersion = 17.9.34728.123
MinimumVisualStudioVersion = 10.0.40219.1
Project("{9A19103F-16F7-4668-BE54-9A1E7A4F7556}") = "UserManagement", "UserManagement\UserManagement.csproj", "{A2EE117B-A113-4EC2-BC1D-B9886A7336A5}"
EndProject
Project("{FAE04EC0-301F-11D3-BF4B-00C04F79EFBC}") = "UserManagement.Domain", "UserManagement.Domain\UserManagement.Domain.csproj", "{F11A9FA0-6309-4B4B-A040-913256B48097}"
EndProject
Project("{FAE04EC0-301F-11D3-BF4B-00C04F79EFBC}") = "UserManagement.Infrastructure", "UserManagement.Infrastructure\UserManagement.Infrastructure.csproj", "{07F2A0BC-5FF8-4205-BA29-4A7C88196F2F}"
EndProject
Global
	GlobalSection(SolutionConfigurationPlatforms) = preSolution
		Debug|Any CPU = Debug|Any CPU
		Release|Any CPU = Release|Any CPU
	EndGlobalSection
	GlobalSection(ProjectConfigurationPlatforms) = postSolution
		{A2EE117B-A113-4EC2-BC1D-B9886A7336A5}.Debug|Any CPU.ActiveCfg = Debug|Any CPU
		{A2EE117B-A113-4EC2-BC1D-B9886A7336A5}.Debug|Any CPU.Build.0 = Debug|Any CPU
		{A2EE117B-A113-4EC2-BC1D-B9886A7336A5}.Release|Any CPU.ActiveCfg = Release|Any CPU
		{A2EE117B-A113-4EC2-BC1D-B9886A7336A5}.Release|Any CPU.Build.0 = Release|Any CPU
		{F11A9FA0-6309-4B4B-A040-913256B48097}.Debug|Any CPU.ActiveCfg = Debug|Any CPU
		{F11A9FA0-6309-4B4B-A040-913256B48097}.Debug|Any CPU.Build.0 = Debug|Any CPU
		{F11A9FA0-6309-4B4B-A040-913256B48097}.Release|Any CPU.ActiveCfg = Release|Any CPU
		{F11A9FA0-6309-4B4B-A040-913256B48097}.Release|Any CPU.Build.0 = Release|Any CPU
		{07F2A0BC-5FF8-4205-BA29-4A7C88196F2F}.Debug|Any CPU.ActiveCfg = Debug|Any CPU
		{07F2A0BC-5FF8-4205-BA29-4A7C88196F2F}.Debug|Any CPU.Build.0 = Debug|Any CPU
		{07F2A0BC-5FF8-4205-BA29-4A7C88196F2F}.Release|Any CPU.ActiveCfg = Release|Any CPU
		{07F2A0BC-5FF8-4205-BA29-4A7C88196F2F}.Release|Any CPU.Build.0 = Release|Any CPU
	EndGlobalSection
	GlobalSection(SolutionProperties) = preSolution
		HideSolutionNode = FALSE
	EndGlobalSection
	GlobalSection(ExtensibilityGlobals) = postSolution
		SolutionGuid = {8671B8C7-3880-4315-9646-2B335D0BFB29}
	EndGlobalSection
EndGlobal
